// !$*UTF8*$!
{
	archiveVersion = 1;
	classes = {
	};
	objectVersion = 77;
	objects = {

/* Begin PBXBuildFile section */
		1599B53E39A3CDEE562D5033 /* MarkdownContentView.swift in Sources */ = {isa = PBXBuildFile; fileRef = 84B700834F3EECA10468DC91 /* MarkdownContentView.swift */; };
		A1B2C3D4E5F60718293A4B5C /* MathView.swift in Sources */ = {isa = PBXBuildFile; fileRef = F6E5D4C3B2A109876543210F /* MathView.swift */; };
		31BD7BC304045245A8CD50E0 /* AudioManager.swift in Sources */ = {isa = PBXBuildFile; fileRef = DBE370FB4A09E91CFDAB57F9 /* AudioManager.swift */; };
		34708E5BA49DCFE09A2770E8 /* ContentView.swift in Sources */ = {isa = PBXBuildFile; fileRef = 472435D7BEC5E6A66C89A71A /* ContentView.swift */; };
		3BDA61563FEF791C08A9111B /* SpectrumProcessor.swift in Sources */ = {isa = PBXBuildFile; fileRef = E27E8D2876D7E37F89DAEACD /* SpectrumProcessor.swift */; };
		3EFBF80FC3E456A6DD67B39B /* WelcomeView.swift in Sources */ = {isa = PBXBuildFile; fileRef = 3A5C9B19E7C4B946A8C69830 /* WelcomeView.swift */; };
		5A53815B6D61991600040435 /* ClawMuxLiveActivity.swift in Sources */ = {isa = PBXBuildFile; fileRef = 7B4CFDC5835A92120A013FE1 /* ClawMuxLiveActivity.swift */; };
		7D32CC24BDDFA37E956A459A /* VADProcessor.swift in Sources */ = {isa = PBXBuildFile; fileRef = 40068200828EAB10352BF7E0 /* VADProcessor.swift */; };
		819F94636A67C9D060539C09 /* ClawMuxActivityAttributes.swift in Sources */ = {isa = PBXBuildFile; fileRef = 7ECE0D61F0C08405ECE874C8 /* ClawMuxActivityAttributes.swift */; };
		8EBD594CEA424C07342CD79A /* ClawMuxViewModel.swift in Sources */ = {isa = PBXBuildFile; fileRef = 72290AAFED98C8436AD778EF /* ClawMuxViewModel.swift */; };
		90993452C4CA5B2F35471F21 /* SettingsView.swift in Sources */ = {isa = PBXBuildFile; fileRef = BB917084CE6B997C8AA16A44 /* SettingsView.swift */; };
		B3FAEAF903D2C5A57908A60C /* Theme.swift in Sources */ = {isa = PBXBuildFile; fileRef = C75D80D8B5385DCFF85A8039 /* Theme.swift */; };
		B9B8149250E7E844CE7BECE7 /* NotesPanelView.swift in Sources */ = {isa = PBXBuildFile; fileRef = D547095052AD2B437A196FA2 /* NotesPanelView.swift */; };
		C42C4DC2063494E4AC786256 /* SidebarView.swift in Sources */ = {isa = PBXBuildFile; fileRef = 5C696CC95AF520F9CD224CD2 /* SidebarView.swift */; };
		C75B8D793DDF9C64C0EC9C31 /* TonePlayer.swift in Sources */ = {isa = PBXBuildFile; fileRef = 2EF7724BFBA3F18A21324642 /* TonePlayer.swift */; };
		CBA4E6BE8BA5D2F2DA3D0192 /* GroupChatView.swift in Sources */ = {isa = PBXBuildFile; fileRef = 443ABC04B7A435B58F1FC6D4 /* GroupChatView.swift */; };
		CC9ABF885DDD9CF628A35EA0 /* ShapeHelpers.swift in Sources */ = {isa = PBXBuildFile; fileRef = A3DE4F7720F3C77DAED314F6 /* ShapeHelpers.swift */; };
		CE452A75046106310CA1884D /* ClawMuxActivityAttributes.swift in Sources */ = {isa = PBXBuildFile; fileRef = 7ECE0D61F0C08405ECE874C8 /* ClawMuxActivityAttributes.swift */; };
		CF4F0E703E3527B992A03CDD /* ClawMuxWidgetExtension.appex in Embed Foundation Extensions */ = {isa = PBXBuildFile; fileRef = 00A4C7BB4CA3E05A29B0F976 /* ClawMuxWidgetExtension.appex */; settings = {ATTRIBUTES = (RemoveHeadersOnCopy, ); }; };
		D123D0FD38CA70DCC2923F69 /* ViewHelpers.swift in Sources */ = {isa = PBXBuildFile; fileRef = 25C554BD1E23697D898B05CE /* ViewHelpers.swift */; };
		D7EC580B303F31471732F946 /* TouchBlockerTests.swift in Sources */ = {isa = PBXBuildFile; fileRef = 999F598E79709CAC7E4BA9DE /* TouchBlockerTests.swift */; };
		D8A747936F0FDA5E95EA77BB /* ClawMuxApp.swift in Sources */ = {isa = PBXBuildFile; fileRef = DFF810E4C0B9F68B1E4AA4AD /* ClawMuxApp.swift */; };
		DCDC60E202EB951E0C20A61E /* ClawMuxWidgetBundle.swift in Sources */ = {isa = PBXBuildFile; fileRef = BC5EB4981879BDC3BE644216 /* ClawMuxWidgetBundle.swift */; };
		DD0B6C41043DEB376B75D6BE /* ChatView.swift in Sources */ = {isa = PBXBuildFile; fileRef = C8850FD7D2AA1753841CA57F /* ChatView.swift */; };
		EF98BD8285F5FAF97C9985E9 /* InputBarView.swift in Sources */ = {isa = PBXBuildFile; fileRef = D4385E6F9723F86B5AFE1680 /* InputBarView.swift */; };
		F138DA556E94E3230F50457B /* Assets.xcassets in Resources */ = {isa = PBXBuildFile; fileRef = 4678CAE85F0CB0CD3AC78DD6 /* Assets.xcassets */; };
/* End PBXBuildFile section */

/* Begin PBXContainerItemProxy section */
		18F726E37233CDBD9DA9F8DD /* PBXContainerItemProxy */ = {
			isa = PBXContainerItemProxy;
			containerPortal = E0B23EC30C301FA1C780E9AC /* Project object */;
			proxyType = 1;
			remoteGlobalIDString = A4CB1E317D272DAE57533487;
			remoteInfo = ClawMux;
		};
		3951751B91CF08FA4D088BBC /* PBXContainerItemProxy */ = {
			isa = PBXContainerItemProxy;
			containerPortal = E0B23EC30C301FA1C780E9AC /* Project object */;
			proxyType = 1;
			remoteGlobalIDString = 4069D4417606EAB0783EA23F;
			remoteInfo = ClawMuxWidgetExtension;
		};
/* End PBXContainerItemProxy section */

/* Begin PBXCopyFilesBuildPhase section */
		6B116D902C5AE7661A35DD62 /* Embed Foundation Extensions */ = {
			isa = PBXCopyFilesBuildPhase;
			buildActionMask = 2147483647;
			dstPath = "";
			dstSubfolderSpec = 13;
			files = (
				CF4F0E703E3527B992A03CDD /* ClawMuxWidgetExtension.appex in Embed Foundation Extensions */,
			);
			name = "Embed Foundation Extensions";
			runOnlyForDeploymentPostprocessing = 0;
		};
/* End PBXCopyFilesBuildPhase section */


/* Begin PBXFileReference section */
		00A4C7BB4CA3E05A29B0F976 /* ClawMuxWidgetExtension.appex */ = {isa = PBXFileReference; includeInIndex = 0; lastKnownFileType = "wrapper.app-extension"; path = ClawMuxWidgetExtension.appex; sourceTree = BUILT_PRODUCTS_DIR; };
		25C554BD1E23697D898B05CE /* ViewHelpers.swift */ = {isa = PBXFileReference; lastKnownFileType = sourcecode.swift; path = ViewHelpers.swift; sourceTree = "<group>"; };
		2A65E8C4E54083EB652BA8A9 /* Info.plist */ = {isa = PBXFileReference; lastKnownFileType = text.plist; path = Info.plist; sourceTree = "<group>"; };
		2EF7724BFBA3F18A21324642 /* TonePlayer.swift */ = {isa = PBXFileReference; lastKnownFileType = sourcecode.swift; path = TonePlayer.swift; sourceTree = "<group>"; };
		3A5C9B19E7C4B946A8C69830 /* WelcomeView.swift */ = {isa = PBXFileReference; lastKnownFileType = sourcecode.swift; path = WelcomeView.swift; sourceTree = "<group>"; };
		40068200828EAB10352BF7E0 /* VADProcessor.swift */ = {isa = PBXFileReference; lastKnownFileType = sourcecode.swift; path = VADProcessor.swift; sourceTree = "<group>"; };
		443ABC04B7A435B58F1FC6D4 /* GroupChatView.swift */ = {isa = PBXFileReference; lastKnownFileType = sourcecode.swift; path = GroupChatView.swift; sourceTree = "<group>"; };
		4678CAE85F0CB0CD3AC78DD6 /* Assets.xcassets */ = {isa = PBXFileReference; lastKnownFileType = folder.assetcatalog; path = Assets.xcassets; sourceTree = "<group>"; };
		472435D7BEC5E6A66C89A71A /* ContentView.swift */ = {isa = PBXFileReference; lastKnownFileType = sourcecode.swift; path = ContentView.swift; sourceTree = "<group>"; };
		5C696CC95AF520F9CD224CD2 /* SidebarView.swift */ = {isa = PBXFileReference; lastKnownFileType = sourcecode.swift; path = SidebarView.swift; sourceTree = "<group>"; };
		72290AAFED98C8436AD778EF /* ClawMuxViewModel.swift */ = {isa = PBXFileReference; lastKnownFileType = sourcecode.swift; path = ClawMuxViewModel.swift; sourceTree = "<group>"; };
		7B4CFDC5835A92120A013FE1 /* ClawMuxLiveActivity.swift */ = {isa = PBXFileReference; lastKnownFileType = sourcecode.swift; path = ClawMuxLiveActivity.swift; sourceTree = "<group>"; };
		7ECE0D61F0C08405ECE874C8 /* ClawMuxActivityAttributes.swift */ = {isa = PBXFileReference; lastKnownFileType = sourcecode.swift; path = ClawMuxActivityAttributes.swift; sourceTree = "<group>"; };
		82E2D679C152E4238145F02E /* ClawMuxUITests.xctest */ = {isa = PBXFileReference; includeInIndex = 0; lastKnownFileType = wrapper.cfbundle; path = ClawMuxUITests.xctest; sourceTree = BUILT_PRODUCTS_DIR; };
		84B700834F3EECA10468DC91 /* MarkdownContentView.swift */ = {isa = PBXFileReference; lastKnownFileType = sourcecode.swift; path = MarkdownContentView.swift; sourceTree = "<group>"; };
		F6E5D4C3B2A109876543210F /* MathView.swift */ = {isa = PBXFileReference; lastKnownFileType = sourcecode.swift; path = MathView.swift; sourceTree = "<group>"; };
		999F598E79709CAC7E4BA9DE /* TouchBlockerTests.swift */ = {isa = PBXFileReference; lastKnownFileType = sourcecode.swift; path = TouchBlockerTests.swift; sourceTree = "<group>"; };
		A3DE4F7720F3C77DAED314F6 /* ShapeHelpers.swift */ = {isa = PBXFileReference; lastKnownFileType = sourcecode.swift; path = ShapeHelpers.swift; sourceTree = "<group>"; };
		A98C93E4123AFD12DB5663DE /* ClawMux.app */ = {isa = PBXFileReference; includeInIndex = 0; lastKnownFileType = wrapper.application; path = ClawMux.app; sourceTree = BUILT_PRODUCTS_DIR; };
		BB917084CE6B997C8AA16A44 /* SettingsView.swift */ = {isa = PBXFileReference; lastKnownFileType = sourcecode.swift; path = SettingsView.swift; sourceTree = "<group>"; };
		BC5EB4981879BDC3BE644216 /* ClawMuxWidgetBundle.swift */ = {isa = PBXFileReference; lastKnownFileType = sourcecode.swift; path = ClawMuxWidgetBundle.swift; sourceTree = "<group>"; };
		C75D80D8B5385DCFF85A8039 /* Theme.swift */ = {isa = PBXFileReference; lastKnownFileType = sourcecode.swift; path = Theme.swift; sourceTree = "<group>"; };
		C8850FD7D2AA1753841CA57F /* ChatView.swift */ = {isa = PBXFileReference; lastKnownFileType = sourcecode.swift; path = ChatView.swift; sourceTree = "<group>"; };
		D4385E6F9723F86B5AFE1680 /* InputBarView.swift */ = {isa = PBXFileReference; lastKnownFileType = sourcecode.swift; path = InputBarView.swift; sourceTree = "<group>"; };
		D547095052AD2B437A196FA2 /* NotesPanelView.swift */ = {isa = PBXFileReference; lastKnownFileType = sourcecode.swift; path = NotesPanelView.swift; sourceTree = "<group>"; };
		D7C804BA345F7AE206CF5AF7 /* Info.plist */ = {isa = PBXFileReference; lastKnownFileType = text.plist; path = Info.plist; sourceTree = "<group>"; };
		DBE370FB4A09E91CFDAB57F9 /* AudioManager.swift */ = {isa = PBXFileReference; lastKnownFileType = sourcecode.swift; path = AudioManager.swift; sourceTree = "<group>"; };
		DFF810E4C0B9F68B1E4AA4AD /* ClawMuxApp.swift */ = {isa = PBXFileReference; lastKnownFileType = sourcecode.swift; path = ClawMuxApp.swift; sourceTree = "<group>"; };
		E27E8D2876D7E37F89DAEACD /* SpectrumProcessor.swift */ = {isa = PBXFileReference; lastKnownFileType = sourcecode.swift; path = SpectrumProcessor.swift; sourceTree = "<group>"; };
/* End PBXFileReference section */

/* Begin PBXGroup section */
		08FC952502613A3B738FA293 /* ClawMux */ = {
			isa = PBXGroup;
			children = (
				4678CAE85F0CB0CD3AC78DD6 /* Assets.xcassets */,
				DBE370FB4A09E91CFDAB57F9 /* AudioManager.swift */,
				C8850FD7D2AA1753841CA57F /* ChatView.swift */,
				DFF810E4C0B9F68B1E4AA4AD /* ClawMuxApp.swift */,
				72290AAFED98C8436AD778EF /* ClawMuxViewModel.swift */,
				472435D7BEC5E6A66C89A71A /* ContentView.swift */,
				443ABC04B7A435B58F1FC6D4 /* GroupChatView.swift */,
				D7C804BA345F7AE206CF5AF7 /* Info.plist */,
				D4385E6F9723F86B5AFE1680 /* InputBarView.swift */,
				84B700834F3EECA10468DC91 /* MarkdownContentView.swift */,
				F6E5D4C3B2A109876543210F /* MathView.swift */,
				D547095052AD2B437A196FA2 /* NotesPanelView.swift */,
				BB917084CE6B997C8AA16A44 /* SettingsView.swift */,
				A3DE4F7720F3C77DAED314F6 /* ShapeHelpers.swift */,
				5C696CC95AF520F9CD224CD2 /* SidebarView.swift */,
				E27E8D2876D7E37F89DAEACD /* SpectrumProcessor.swift */,
				C75D80D8B5385DCFF85A8039 /* Theme.swift */,
				2EF7724BFBA3F18A21324642 /* TonePlayer.swift */,
				40068200828EAB10352BF7E0 /* VADProcessor.swift */,
				25C554BD1E23697D898B05CE /* ViewHelpers.swift */,
				3A5C9B19E7C4B946A8C69830 /* WelcomeView.swift */,
			);
			path = ClawMux;
			sourceTree = "<group>";
		};
		567539E909D84E327B42B1AB /* ClawMuxShared */ = {
			isa = PBXGroup;
			children = (
				7ECE0D61F0C08405ECE874C8 /* ClawMuxActivityAttributes.swift */,
			);
			path = ClawMuxShared;
			sourceTree = "<group>";
		};
		6802FEA71CF56CFC9E5FA1B9 = {
			isa = PBXGroup;
			children = (
				08FC952502613A3B738FA293 /* ClawMux */,
				567539E909D84E327B42B1AB /* ClawMuxShared */,
				A3DDF799B40600027DD7BCBC /* ClawMuxUITests */,
				68E4BB661F09CF90F977DE30 /* ClawMuxWidget */,
				E4CEA8DE9DC00C53FB1E0E5D /* Products */,
			);
			sourceTree = "<group>";
		};
		68E4BB661F09CF90F977DE30 /* ClawMuxWidget */ = {
			isa = PBXGroup;
			children = (
				7B4CFDC5835A92120A013FE1 /* ClawMuxLiveActivity.swift */,
				BC5EB4981879BDC3BE644216 /* ClawMuxWidgetBundle.swift */,
				2A65E8C4E54083EB652BA8A9 /* Info.plist */,
			);
			path = ClawMuxWidget;
			sourceTree = "<group>";
		};
		A3DDF799B40600027DD7BCBC /* ClawMuxUITests */ = {
			isa = PBXGroup;
			children = (
				999F598E79709CAC7E4BA9DE /* TouchBlockerTests.swift */,
			);
			path = ClawMuxUITests;
			sourceTree = "<group>";
		};
		E4CEA8DE9DC00C53FB1E0E5D /* Products */ = {
			isa = PBXGroup;
			children = (
				A98C93E4123AFD12DB5663DE /* ClawMux.app */,
				82E2D679C152E4238145F02E /* ClawMuxUITests.xctest */,
				00A4C7BB4CA3E05A29B0F976 /* ClawMuxWidgetExtension.appex */,
			);
			name = Products;
			sourceTree = "<group>";
		};
/* End PBXGroup section */

/* Begin PBXNativeTarget section */
		4069D4417606EAB0783EA23F /* ClawMuxWidgetExtension */ = {
			isa = PBXNativeTarget;
			buildConfigurationList = D3D7F2AFAD67DE202FE90F09 /* Build configuration list for PBXNativeTarget "ClawMuxWidgetExtension" */;
			buildPhases = (
				56FBAD0E73F7C0166DD19AE0 /* Sources */,
			);
			buildRules = (
			);
			dependencies = (
			);
			name = ClawMuxWidgetExtension;
			packageProductDependencies = (
			);
			productName = ClawMuxWidgetExtension;
			productReference = 00A4C7BB4CA3E05A29B0F976 /* ClawMuxWidgetExtension.appex */;
			productType = "com.apple.product-type.app-extension";
		};
		A4CB1E317D272DAE57533487 /* ClawMux */ = {
			isa = PBXNativeTarget;
			buildConfigurationList = 5BCF160C98FB4CBDE4AC451B /* Build configuration list for PBXNativeTarget "ClawMux" */;
			buildPhases = (
				E3429F5B042E50AAA4C4242E /* Set Build Number from Git */,
				B2D10572D96A269F4010FD26 /* Set Git Commit Hash */,
				8216CD92EC86B17D67C3CBCE /* Sources */,
				70777560356440824A9DAAE3 /* Resources */,
				6B116D902C5AE7661A35DD62 /* Embed Foundation Extensions */,
			);
			buildRules = (
			);
			dependencies = (
				54A951DF911FB058784B93C7 /* PBXTargetDependency */,
			);
			name = ClawMux;
			packageProductDependencies = (
			);
			productName = ClawMux;
			productReference = A98C93E4123AFD12DB5663DE /* ClawMux.app */;
			productType = "com.apple.product-type.application";
		};
		CCFBEBD1F9AC3BA294A3AB86 /* ClawMuxUITests */ = {
			isa = PBXNativeTarget;
			buildConfigurationList = F67839EFE031703325E88BEA /* Build configuration list for PBXNativeTarget "ClawMuxUITests" */;
			buildPhases = (
				38CEAEE20AF11E81DAAFA4C9 /* Sources */,
			);
			buildRules = (
			);
			dependencies = (
				F48E0FCA2E6A577092C70A25 /* PBXTargetDependency */,
			);
			name = ClawMuxUITests;
			packageProductDependencies = (
			);
			productName = ClawMuxUITests;
			productReference = 82E2D679C152E4238145F02E /* ClawMuxUITests.xctest */;
			productType = "com.apple.product-type.bundle.ui-testing";
		};
/* End PBXNativeTarget section */

/* Begin PBXProject section */
		E0B23EC30C301FA1C780E9AC /* Project object */ = {
			isa = PBXProject;
			attributes = {
				BuildIndependentTargetsInParallel = YES;
				LastUpgradeCheck = 1430;
				TargetAttributes = {
					4069D4417606EAB0783EA23F = {
						DevelopmentTeam = 25QMAKVCBN;
						ProvisioningStyle = Automatic;
					};
					A4CB1E317D272DAE57533487 = {
						DevelopmentTeam = 25QMAKVCBN;
						ProvisioningStyle = Automatic;
					};
					CCFBEBD1F9AC3BA294A3AB86 = {
						DevelopmentTeam = 25QMAKVCBN;
						ProvisioningStyle = Automatic;
						TestTargetID = A4CB1E317D272DAE57533487;
					};
				};
			};
			buildConfigurationList = F040AAA68B25E3F5F0637A53 /* Build configuration list for PBXProject "ClawMux" */;
			developmentRegion = en;
			hasScannedForEncodings = 0;
			knownRegions = (
				Base,
				en,
			);
			mainGroup = 6802FEA71CF56CFC9E5FA1B9;
			minimizedProjectReferenceProxies = 1;
			packageReferences = (
			);
			preferredProjectObjectVersion = 77;
			productRefGroup = E4CEA8DE9DC00C53FB1E0E5D /* Products */;
			projectDirPath = "";
			projectRoot = "";
			targets = (
				A4CB1E317D272DAE57533487 /* ClawMux */,
				CCFBEBD1F9AC3BA294A3AB86 /* ClawMuxUITests */,
				4069D4417606EAB0783EA23F /* ClawMuxWidgetExtension */,
			);
		};
/* End PBXProject section */

/* Begin PBXResourcesBuildPhase section */
		70777560356440824A9DAAE3 /* Resources */ = {
			isa = PBXResourcesBuildPhase;
			buildActionMask = 2147483647;
			files = (
				F138DA556E94E3230F50457B /* Assets.xcassets in Resources */,
			);
			runOnlyForDeploymentPostprocessing = 0;
		};
/* End PBXResourcesBuildPhase section */

/* Begin PBXShellScriptBuildPhase section */
		B2D10572D96A269F4010FD26 /* Set Git Commit Hash */ = {
			isa = PBXShellScriptBuildPhase;
			alwaysOutOfDate = 1;
			buildActionMask = 2147483647;
			files = (
			);
			inputFileListPaths = (
			);
			inputPaths = (
			);
			name = "Set Git Commit Hash";
			outputFileListPaths = (
			);
			outputPaths = (
			);
			runOnlyForDeploymentPostprocessing = 0;
			shellPath = /bin/sh;
			shellScript = "HASH=$(git -C \"$SRCROOT\" rev-parse --short HEAD 2>/dev/null || echo \"unknown\")\n/usr/libexec/PlistBuddy -c \"Set :GIT_COMMIT_HASH $HASH\" \"$INFOPLIST_FILE\" 2>/dev/null || \\\n/usr/libexec/PlistBuddy -c \"Add :GIT_COMMIT_HASH string $HASH\" \"$INFOPLIST_FILE\"\n";
		};
		E3429F5B042E50AAA4C4242E /* Set Build Number from Git */ = {
			isa = PBXShellScriptBuildPhase;
			alwaysOutOfDate = 1;
			buildActionMask = 2147483647;
			files = (
			);
			inputFileListPaths = (
			);
			inputPaths = (
			);
			name = "Set Build Number from Git";
			outputFileListPaths = (
			);
			outputPaths = (
			);
			runOnlyForDeploymentPostprocessing = 0;
			shellPath = /bin/sh;
			shellScript = "BUILD=$(git -C \"$SRCROOT\" rev-list HEAD --count 2>/dev/null || echo \"1\")\n/usr/libexec/PlistBuddy -c \"Set :CFBundleVersion $BUILD\" \"$INFOPLIST_FILE\"\n";
		};
/* End PBXShellScriptBuildPhase section */

/* Begin PBXSourcesBuildPhase section */
		38CEAEE20AF11E81DAAFA4C9 /* Sources */ = {
			isa = PBXSourcesBuildPhase;
			buildActionMask = 2147483647;
			files = (
				D7EC580B303F31471732F946 /* TouchBlockerTests.swift in Sources */,
			);
			runOnlyForDeploymentPostprocessing = 0;
		};
		56FBAD0E73F7C0166DD19AE0 /* Sources */ = {
			isa = PBXSourcesBuildPhase;
			buildActionMask = 2147483647;
			files = (
				819F94636A67C9D060539C09 /* ClawMuxActivityAttributes.swift in Sources */,
				5A53815B6D61991600040435 /* ClawMuxLiveActivity.swift in Sources */,
				DCDC60E202EB951E0C20A61E /* ClawMuxWidgetBundle.swift in Sources */,
			);
			runOnlyForDeploymentPostprocessing = 0;
		};
		8216CD92EC86B17D67C3CBCE /* Sources */ = {
			isa = PBXSourcesBuildPhase;
			buildActionMask = 2147483647;
			files = (
				31BD7BC304045245A8CD50E0 /* AudioManager.swift in Sources */,
				DD0B6C41043DEB376B75D6BE /* ChatView.swift in Sources */,
				CE452A75046106310CA1884D /* ClawMuxActivityAttributes.swift in Sources */,
				D8A747936F0FDA5E95EA77BB /* ClawMuxApp.swift in Sources */,
				8EBD594CEA424C07342CD79A /* ClawMuxViewModel.swift in Sources */,
				34708E5BA49DCFE09A2770E8 /* ContentView.swift in Sources */,
				CBA4E6BE8BA5D2F2DA3D0192 /* GroupChatView.swift in Sources */,
				EF98BD8285F5FAF97C9985E9 /* InputBarView.swift in Sources */,
				1599B53E39A3CDEE562D5033 /* MarkdownContentView.swift in Sources */,
				A1B2C3D4E5F60718293A4B5C /* MathView.swift in Sources */,
				B9B8149250E7E844CE7BECE7 /* NotesPanelView.swift in Sources */,
				90993452C4CA5B2F35471F21 /* SettingsView.swift in Sources */,
				CC9ABF885DDD9CF628A35EA0 /* ShapeHelpers.swift in Sources */,
				C42C4DC2063494E4AC786256 /* SidebarView.swift in Sources */,
				3BDA61563FEF791C08A9111B /* SpectrumProcessor.swift in Sources */,
				B3FAEAF903D2C5A57908A60C /* Theme.swift in Sources */,
				C75B8D793DDF9C64C0EC9C31 /* TonePlayer.swift in Sources */,
				7D32CC24BDDFA37E956A459A /* VADProcessor.swift in Sources */,
				D123D0FD38CA70DCC2923F69 /* ViewHelpers.swift in Sources */,
				3EFBF80FC3E456A6DD67B39B /* WelcomeView.swift in Sources */,
			);
			runOnlyForDeploymentPostprocessing = 0;
		};
/* End PBXSourcesBuildPhase section */

/* Begin PBXTargetDependency section */
		54A951DF911FB058784B93C7 /* PBXTargetDependency */ = {
			isa = PBXTargetDependency;
			target = 4069D4417606EAB0783EA23F /* ClawMuxWidgetExtension */;
			targetProxy = 3951751B91CF08FA4D088BBC /* PBXContainerItemProxy */;
		};
		F48E0FCA2E6A577092C70A25 /* PBXTargetDependency */ = {
			isa = PBXTargetDependency;
			target = A4CB1E317D272DAE57533487 /* ClawMux */;
			targetProxy = 18F726E37233CDBD9DA9F8DD /* PBXContainerItemProxy */;
		};
/* End PBXTargetDependency section */

/* Begin XCBuildConfiguration section */
		07FAAACB1F3CF868441CB589 /* Debug */ = {
			isa = XCBuildConfiguration;
			buildSettings = {
				ASSETCATALOG_COMPILER_APPICON_NAME = AppIcon;
				CODE_SIGN_IDENTITY = "iPhone Developer";
				CODE_SIGN_STYLE = Automatic;
				DEVELOPMENT_TEAM = 25QMAKVCBN;
				INFOPLIST_FILE = ClawMux/Info.plist;
				LD_RUNPATH_SEARCH_PATHS = (
					"$(inherited)",
					"@executable_path/Frameworks",
				);
				PRODUCT_BUNDLE_IDENTIFIER = com.zeul.clawmux;
				SDKROOT = iphoneos;
				SWIFT_VERSION = 6.0;
				TARGETED_DEVICE_FAMILY = 1;
			};
			name = Debug;
		};
		615628342CFCAC3FDB1DD6A9 /* Debug */ = {
			isa = XCBuildConfiguration;
			buildSettings = {
				BUNDLE_LOADER = "$(TEST_HOST)";
				CODE_SIGN_STYLE = Automatic;
				DEVELOPMENT_TEAM = 25QMAKVCBN;
				GENERATE_INFOPLIST_FILE = YES;
				LD_RUNPATH_SEARCH_PATHS = (
					"$(inherited)",
					"@executable_path/Frameworks",
					"@loader_path/Frameworks",
				);
				PRODUCT_BUNDLE_IDENTIFIER = com.zeul.clawmux.uitests;
				SDKROOT = iphoneos;
				SWIFT_VERSION = 6.0;
				TARGETED_DEVICE_FAMILY = "1,2";
				TEST_TARGET_NAME = ClawMux;
			};
			name = Debug;
		};
		7F30BAC1C53F815610B562DD /* Release */ = {
			isa = XCBuildConfiguration;
			buildSettings = {
				BUNDLE_LOADER = "$(TEST_HOST)";
				CODE_SIGN_STYLE = Automatic;
				DEVELOPMENT_TEAM = 25QMAKVCBN;
				GENERATE_INFOPLIST_FILE = YES;
				LD_RUNPATH_SEARCH_PATHS = (
					"$(inherited)",
					"@executable_path/Frameworks",
					"@loader_path/Frameworks",
				);
				PRODUCT_BUNDLE_IDENTIFIER = com.zeul.clawmux.uitests;
				SDKROOT = iphoneos;
				SWIFT_VERSION = 6.0;
				TARGETED_DEVICE_FAMILY = "1,2";
				TEST_TARGET_NAME = ClawMux;
			};
			name = Release;
		};
		9EA97E092C664A254A8910F4 /* Release */ = {
			isa = XCBuildConfiguration;
			buildSettings = {
				ASSETCATALOG_COMPILER_APPICON_NAME = AppIcon;
				CODE_SIGN_IDENTITY = "iPhone Developer";
				CODE_SIGN_STYLE = Automatic;
				DEVELOPMENT_TEAM = 25QMAKVCBN;
				INFOPLIST_FILE = ClawMux/Info.plist;
				LD_RUNPATH_SEARCH_PATHS = (
					"$(inherited)",
					"@executable_path/Frameworks",
				);
				PRODUCT_BUNDLE_IDENTIFIER = com.zeul.clawmux;
				SDKROOT = iphoneos;
				SWIFT_VERSION = 6.0;
				TARGETED_DEVICE_FAMILY = 1;
			};
			name = Release;
		};
		A456053C70B868A77151AE89 /* Release */ = {
			isa = XCBuildConfiguration;
			buildSettings = {
				ALWAYS_SEARCH_USER_PATHS = NO;
				CLANG_ANALYZER_NONNULL = YES;
				CLANG_ANALYZER_NUMBER_OBJECT_CONVERSION = YES_AGGRESSIVE;
				CLANG_CXX_LANGUAGE_STANDARD = "gnu++14";
				CLANG_CXX_LIBRARY = "libc++";
				CLANG_ENABLE_MODULES = YES;
				CLANG_ENABLE_OBJC_ARC = YES;
				CLANG_ENABLE_OBJC_WEAK = YES;
				CLANG_WARN_BLOCK_CAPTURE_AUTORELEASING = YES;
				CLANG_WARN_BOOL_CONVERSION = YES;
				CLANG_WARN_COMMA = YES;
				CLANG_WARN_CONSTANT_CONVERSION = YES;
				CLANG_WARN_DEPRECATED_OBJC_IMPLEMENTATIONS = YES;
				CLANG_WARN_DIRECT_OBJC_ISA_USAGE = YES_ERROR;
				CLANG_WARN_DOCUMENTATION_COMMENTS = YES;
				CLANG_WARN_EMPTY_BODY = YES;
				CLANG_WARN_ENUM_CONVERSION = YES;
				CLANG_WARN_INFINITE_RECURSION = YES;
				CLANG_WARN_INT_CONVERSION = YES;
				CLANG_WARN_NON_LITERAL_NULL_CONVERSION = YES;
				CLANG_WARN_OBJC_IMPLICIT_RETAIN_SELF = YES;
				CLANG_WARN_OBJC_LITERAL_CONVERSION = YES;
				CLANG_WARN_OBJC_ROOT_CLASS = YES_ERROR;
				CLANG_WARN_QUOTED_INCLUDE_IN_FRAMEWORK_HEADER = YES;
				CLANG_WARN_RANGE_LOOP_ANALYSIS = YES;
				CLANG_WARN_STRICT_PROTOTYPES = YES;
				CLANG_WARN_SUSPICIOUS_MOVE = YES;
				CLANG_WARN_UNGUARDED_AVAILABILITY = YES_AGGRESSIVE;
				CLANG_WARN_UNREACHABLE_CODE = YES;
				CLANG_WARN__DUPLICATE_METHOD_MATCH = YES;
				COPY_PHASE_STRIP = NO;
				DEBUG_INFORMATION_FORMAT = "dwarf-with-dsym";
				ENABLE_NS_ASSERTIONS = NO;
				ENABLE_STRICT_OBJC_MSGSEND = YES;
				GCC_C_LANGUAGE_STANDARD = gnu11;
				GCC_NO_COMMON_BLOCKS = YES;
				GCC_WARN_64_TO_32_BIT_CONVERSION = YES;
				GCC_WARN_ABOUT_RETURN_TYPE = YES_ERROR;
				GCC_WARN_UNDECLARED_SELECTOR = YES;
				GCC_WARN_UNINITIALIZED_AUTOS = YES_AGGRESSIVE;
				GCC_WARN_UNUSED_FUNCTION = YES;
				GCC_WARN_UNUSED_VARIABLE = YES;
				IPHONEOS_DEPLOYMENT_TARGET = 17.0;
				MTL_ENABLE_DEBUG_INFO = NO;
				MTL_FAST_MATH = YES;
				PRODUCT_NAME = "$(TARGET_NAME)";
				SDKROOT = iphoneos;
				SWIFT_COMPILATION_MODE = wholemodule;
				SWIFT_OPTIMIZATION_LEVEL = "-O";
				SWIFT_VERSION = 5.0;
			};
			name = Release;
		};
		B98F5E160279F275BE76E627 /* Release */ = {
			isa = XCBuildConfiguration;
			buildSettings = {
				CODE_SIGN_STYLE = Automatic;
				DEVELOPMENT_TEAM = 25QMAKVCBN;
				INFOPLIST_FILE = ClawMuxWidget/Info.plist;
				LD_RUNPATH_SEARCH_PATHS = (
					"$(inherited)",
					"@executable_path/Frameworks",
					"@executable_path/../../Frameworks",
				);
				PRODUCT_BUNDLE_IDENTIFIER = com.zeul.clawmux.widget;
				SDKROOT = iphoneos;
				SWIFT_VERSION = 6.0;
				TARGETED_DEVICE_FAMILY = 1;
			};
			name = Release;
		};
		CEC7B1EF51A92F2682C996C0 /* Debug */ = {
			isa = XCBuildConfiguration;
			buildSettings = {
				ALWAYS_SEARCH_USER_PATHS = NO;
				CLANG_ANALYZER_NONNULL = YES;
				CLANG_ANALYZER_NUMBER_OBJECT_CONVERSION = YES_AGGRESSIVE;
				CLANG_CXX_LANGUAGE_STANDARD = "gnu++14";
				CLANG_CXX_LIBRARY = "libc++";
				CLANG_ENABLE_MODULES = YES;
				CLANG_ENABLE_OBJC_ARC = YES;
				CLANG_ENABLE_OBJC_WEAK = YES;
				CLANG_WARN_BLOCK_CAPTURE_AUTORELEASING = YES;
				CLANG_WARN_BOOL_CONVERSION = YES;
				CLANG_WARN_COMMA = YES;
				CLANG_WARN_CONSTANT_CONVERSION = YES;
				CLANG_WARN_DEPRECATED_OBJC_IMPLEMENTATIONS = YES;
				CLANG_WARN_DIRECT_OBJC_ISA_USAGE = YES_ERROR;
				CLANG_WARN_DOCUMENTATION_COMMENTS = YES;
				CLANG_WARN_EMPTY_BODY = YES;
				CLANG_WARN_ENUM_CONVERSION = YES;
				CLANG_WARN_INFINITE_RECURSION = YES;
				CLANG_WARN_INT_CONVERSION = YES;
				CLANG_WARN_NON_LITERAL_NULL_CONVERSION = YES;
				CLANG_WARN_OBJC_IMPLICIT_RETAIN_SELF = YES;
				CLANG_WARN_OBJC_LITERAL_CONVERSION = YES;
				CLANG_WARN_OBJC_ROOT_CLASS = YES_ERROR;
				CLANG_WARN_QUOTED_INCLUDE_IN_FRAMEWORK_HEADER = YES;
				CLANG_WARN_RANGE_LOOP_ANALYSIS = YES;
				CLANG_WARN_STRICT_PROTOTYPES = YES;
				CLANG_WARN_SUSPICIOUS_MOVE = YES;
				CLANG_WARN_UNGUARDED_AVAILABILITY = YES_AGGRESSIVE;
				CLANG_WARN_UNREACHABLE_CODE = YES;
				CLANG_WARN__DUPLICATE_METHOD_MATCH = YES;
				COPY_PHASE_STRIP = NO;
				DEBUG_INFORMATION_FORMAT = dwarf;
				ENABLE_STRICT_OBJC_MSGSEND = YES;
				ENABLE_TESTABILITY = YES;
				GCC_C_LANGUAGE_STANDARD = gnu11;
				GCC_DYNAMIC_NO_PIC = NO;
				GCC_NO_COMMON_BLOCKS = YES;
				GCC_OPTIMIZATION_LEVEL = 0;
				GCC_PREPROCESSOR_DEFINITIONS = (
					"$(inherited)",
					"DEBUG=1",
				);
				GCC_WARN_64_TO_32_BIT_CONVERSION = YES;
				GCC_WARN_ABOUT_RETURN_TYPE = YES_ERROR;
				GCC_WARN_UNDECLARED_SELECTOR = YES;
				GCC_WARN_UNINITIALIZED_AUTOS = YES_AGGRESSIVE;
				GCC_WARN_UNUSED_FUNCTION = YES;
				GCC_WARN_UNUSED_VARIABLE = YES;
				IPHONEOS_DEPLOYMENT_TARGET = 17.0;
				MTL_ENABLE_DEBUG_INFO = INCLUDE_SOURCE;
				MTL_FAST_MATH = YES;
				ONLY_ACTIVE_ARCH = YES;
				PRODUCT_NAME = "$(TARGET_NAME)";
				SDKROOT = iphoneos;
				SWIFT_ACTIVE_COMPILATION_CONDITIONS = DEBUG;
				SWIFT_OPTIMIZATION_LEVEL = "-Onone";
				SWIFT_VERSION = 5.0;
			};
			name = Debug;
		};
		D1B53F6005FE4AAD3D338D3F /* Debug */ = {
			isa = XCBuildConfiguration;
			buildSettings = {
				CODE_SIGN_STYLE = Automatic;
				DEVELOPMENT_TEAM = 25QMAKVCBN;
				INFOPLIST_FILE = ClawMuxWidget/Info.plist;
				LD_RUNPATH_SEARCH_PATHS = (
					"$(inherited)",
					"@executable_path/Frameworks",
					"@executable_path/../../Frameworks",
				);
				PRODUCT_BUNDLE_IDENTIFIER = com.zeul.clawmux.widget;
				SDKROOT = iphoneos;
				SWIFT_VERSION = 6.0;
				TARGETED_DEVICE_FAMILY = 1;
			};
			name = Debug;
		};
/* End XCBuildConfiguration section */

/* Begin XCConfigurationList section */
		5BCF160C98FB4CBDE4AC451B /* Build configuration list for PBXNativeTarget "ClawMux" */ = {
			isa = XCConfigurationList;
			buildConfigurations = (
				07FAAACB1F3CF868441CB589 /* Debug */,
				9EA97E092C664A254A8910F4 /* Release */,
			);
			defaultConfigurationIsVisible = 0;
			defaultConfigurationName = Debug;
		};
		D3D7F2AFAD67DE202FE90F09 /* Build configuration list for PBXNativeTarget "ClawMuxWidgetExtension" */ = {
			isa = XCConfigurationList;
			buildConfigurations = (
				D1B53F6005FE4AAD3D338D3F /* Debug */,
				B98F5E160279F275BE76E627 /* Release */,
			);
			defaultConfigurationIsVisible = 0;
			defaultConfigurationName = Debug;
		};
		F040AAA68B25E3F5F0637A53 /* Build configuration list for PBXProject "ClawMux" */ = {
			isa = XCConfigurationList;
			buildConfigurations = (
				CEC7B1EF51A92F2682C996C0 /* Debug */,
				A456053C70B868A77151AE89 /* Release */,
			);
			defaultConfigurationIsVisible = 0;
			defaultConfigurationName = Debug;
		};
		F67839EFE031703325E88BEA /* Build configuration list for PBXNativeTarget "ClawMuxUITests" */ = {
			isa = XCConfigurationList;
			buildConfigurations = (
				615628342CFCAC3FDB1DD6A9 /* Debug */,
				7F30BAC1C53F815610B562DD /* Release */,
			);
			defaultConfigurationIsVisible = 0;
			defaultConfigurationName = Debug;
		};
/* End XCConfigurationList section */

	};
	rootObject = E0B23EC30C301FA1C780E9AC /* Project object */;
}
